
Microsoft Visual Studio Solution File, Format Version 12.00
# Visual Studio 15
VisualStudioVersion = 15.0.28307.136
MinimumVisualStudioVersion = 10.0.40219.1
Project("{FAE04EC0-301F-11D3-BF4B-00C04F79EFBC}") = "Tests", "Tests\Tests.csproj", "{FD940745-7E4D-463E-B72B-18D9129E2B31}"
EndProject
Project("{FAE04EC0-301F-11D3-BF4B-00C04F79EFBC}") = "Library", "Library\Library.csproj", "{5A5BD32B-A62A-4EFB-B2D8-5BB5A62A4662}"
EndProject
Project("{2150E333-8FDC-42A3-9474-1A3956D46DE8}") = "Solution Items", "Solution Items", "{AC5601FD-7007-44B1-92DF-A3E8BC5BF8C3}"
	ProjectSection(SolutionItems) = preProject
		.gitignore = .gitignore
		LICENSE.md = LICENSE.md
		README.md = README.md
	EndProjectSection
EndProject
Global
	GlobalSection(SolutionConfigurationPlatforms) = preSolution
		Debug|Any CPU = Debug|Any CPU
		Release|Any CPU = Release|Any CPU
	EndGlobalSection
	GlobalSection(ProjectConfigurationPlatforms) = postSolution
		{FD940745-7E4D-463E-B72B-18D9129E2B31}.Debug|Any CPU.ActiveCfg = Debug|Any CPU
		{FD940745-7E4D-463E-B72B-18D9129E2B31}.Debug|Any CPU.Build.0 = Debug|Any CPU
		{FD940745-7E4D-463E-B72B-18D9129E2B31}.Release|Any CPU.ActiveCfg = Release|Any CPU
		{FD940745-7E4D-463E-B72B-18D9129E2B31}.Release|Any CPU.Build.0 = Release|Any CPU
		{5A5BD32B-A62A-4EFB-B2D8-5BB5A62A4662}.Debug|Any CPU.ActiveCfg = Debug|Any CPU
		{5A5BD32B-A62A-4EFB-B2D8-5BB5A62A4662}.Debug|Any CPU.Build.0 = Debug|Any CPU
		{5A5BD32B-A62A-4EFB-B2D8-5BB5A62A4662}.Release|Any CPU.ActiveCfg = Release|Any CPU
		{5A5BD32B-A62A-4EFB-B2D8-5BB5A62A4662}.Release|Any CPU.Build.0 = Release|Any CPU
	EndGlobalSection
	GlobalSection(SolutionProperties) = preSolution
		HideSolutionNode = FALSE
	EndGlobalSection
	GlobalSection(ExtensibilityGlobals) = postSolution
		SolutionGuid = {15179B86-4F83-41C8-8034-5528F3C12BF7}
	EndGlobalSection
EndGlobal
